
Microsoft Visual Studio Solution File, Format Version 12.00
# Visual Studio Version 16
VisualStudioVersion = 16.0.30611.23
MinimumVisualStudioVersion = 10.0.40219.1
Project("{8BC9CEB8-8B4A-11D0-8D11-00A0C91BC942}") = "Sush3D", "Sush3D\Sush3D.vcxproj", "{7AD39876-C7B7-44B7-A75C-6FAF8F939015}"
EndProject
Project("{2150E333-8FDC-42A3-9474-1A3956D46DE8}") = "Solution Items", "Solution Items", "{151008A2-0792-4246-8BB5-EEA3C0DD1FA6}"
EndProject
Global
	GlobalSection(SolutionConfigurationPlatforms) = preSolution
		Debug|x64 = Debug|x64
		Debug|x86 = Debug|x86
		Release|x64 = Release|x64
		Release|x86 = Release|x86
	EndGlobalSection
	GlobalSection(ProjectConfigurationPlatforms) = postSolution
		{7AD39876-C7B7-44B7-A75C-6FAF8F939015}.Debug|x64.ActiveCfg = Debug|x64
		{7AD39876-C7B7-44B7-A75C-6FAF8F939015}.Debug|x64.Build.0 = Debug|x64
		{7AD39876-C7B7-44B7-A75C-6FAF8F939015}.Debug|x86.ActiveCfg = Debug|Win32
		{7AD39876-C7B7-44B7-A75C-6FAF8F939015}.Debug|x86.Build.0 = Debug|Win32
		{7AD39876-C7B7-44B7-A75C-6FAF8F939015}.Release|x64.ActiveCfg = Release|x64
		{7AD39876-C7B7-44B7-A75C-6FAF8F939015}.Release|x64.Build.0 = Release|x64
		{7AD39876-C7B7-44B7-A75C-6FAF8F939015}.Release|x86.ActiveCfg = Release|Win32
		{7AD39876-C7B7-44B7-A75C-6FAF8F939015}.Release|x86.Build.0 = Release|Win32
	EndGlobalSection
	GlobalSection(SolutionProperties) = preSolution
		HideSolutionNode = FALSE
	EndGlobalSection
	GlobalSection(ExtensibilityGlobals) = postSolution
		SolutionGuid = {7DAC2AD5-F45C-4F63-BB05-CFCF3723192E}
	EndGlobalSection
EndGlobal
